
Microsoft Visual Studio Solution File, Format Version 12.00
# Visual Studio Version 17
VisualStudioVersion = 17.14.37411.7
MinimumVisualStudioVersion = 10.0.40219.1
Project("{2150E333-8FDC-42A3-9474-1A3956D46DE8}") = "Libs", "Libs", "{02EA681E-C7D8-13C7-8484-4AC65E1B71E8}"
EndProject
Project("{2150E333-8FDC-42A3-9474-1A3956D46DE8}") = "Src", "Src", "{8FFF400E-3795-47A6-8364-C202BBE0EE53}"
EndProject
Project("{2150E333-8FDC-42A3-9474-1A3956D46DE8}") = "DataToolkit", "DataToolkit", "{FBC12D7A-AA19-4B1B-A773-6209C3833416}"
EndProject
Project("{2150E333-8FDC-42A3-9474-1A3956D46DE8}") = "Core", "Core", "{B3D3546A-1410-449D-A369-BF7055AF214C}"
EndProject
Project("{2150E333-8FDC-42A3-9474-1A3956D46DE8}") = "Infrastructure", "Infrastructure", "{3041E8BD-D7F1-45A1-B96E-811BF13B543B}"
EndProject
Project("{2150E333-8FDC-42A3-9474-1A3956D46DE8}") = "Web", "Web", "{FD8BE9FB-6382-4415-AF8C-237ABD3C9BF6}"
EndProject
Project("{FAE04EC0-301F-11D3-BF4B-00C04F79EFBC}") = "Infrastructure", "Src\Infrastructure\Infrastructure\Infrastructure.csproj", "{8B83B580-AF73-49C1-A7AC-1B418765629E}"
EndProject
Project("{FAE04EC0-301F-11D3-BF4B-00C04F79EFBC}") = "Persistence", "Src\Infrastructure\Persistence\Persistence.csproj", "{5091C2DE-CD5D-467F-B295-2C4468D5BB5F}"
EndProject
Project("{FAE04EC0-301F-11D3-BF4B-00C04F79EFBC}") = "Application", "Src\Core\Application\Application.csproj", "{5CB9E47B-76D6-4426-AD72-152B8EA42A74}"
EndProject
Project("{FAE04EC0-301F-11D3-BF4B-00C04F79EFBC}") = "Domain", "Src\Core\Domain\Domain.csproj", "{352EBA82-C39F-49CC-8F1C-B1AF5B1A6EB0}"
EndProject
Project("{FAE04EC0-301F-11D3-BF4B-00C04F79EFBC}") = "Shared", "Src\Core\Shared\Shared.csproj", "{C2AE8FE2-77C7-43D8-B372-AEE469F1A9DB}"
EndProject
Project("{2150E333-8FDC-42A3-9474-1A3956D46DE8}") = "MSBuild", "MSBuild", "{D107F4C8-89CC-BEA8-D3D7-CA6B7733353D}"
	ProjectSection(SolutionItems) = preProject
		Directory.Build.props = Directory.Build.props
	EndProjectSection
EndProject
Project("{2150E333-8FDC-42A3-9474-1A3956D46DE8}") = "Migration.Vue", "Migration.Vue", "{90FBDA8A-8EA1-4CD2-B175-76099760B13B}"
EndProject
Project("{FAE04EC0-301F-11D3-BF4B-00C04F79EFBC}") = "Migration.Api", "Src\Web\Migration.Api\Migration.Api.csproj", "{E6AD2264-37B0-4EA9-AF27-C0E331ACC6DF}"
EndProject
Project("{FAE04EC0-301F-11D3-BF4B-00C04F79EFBC}") = "DataToolkit.Bootstrap", "Libs\DataToolkit\DataToolkit.Bootstrap\DataToolkit.Bootstrap.csproj", "{E6DFBF7D-3C89-4558-8BCC-0F4F82C615C3}"
EndProject
Project("{FAE04EC0-301F-11D3-BF4B-00C04F79EFBC}") = "DataToolkit.BulkTransfer", "Libs\DataToolkit\DataToolkit.BulkTransfer\DataToolkit.BulkTransfer.csproj", "{2368BCFC-184D-80B0-21EE-A32EB730C6EF}"
EndProject
Project("{FAE04EC0-301F-11D3-BF4B-00C04F79EFBC}") = "DataToolkit.Library", "Libs\DataToolkit\DataToolkit.Library\DataToolkit.Library.csproj", "{B6F6FDBC-4124-369A-D46C-0AD785831858}"
EndProject
Project("{FAE04EC0-301F-11D3-BF4B-00C04F79EFBC}") = "DataToolkit.Provider.Sqlite", "Libs\DataToolkit\DataToolkit.Provider.SqlLite\DataToolkit.Provider.Sqlite.csproj", "{3051C92F-372B-482D-7E2A-2AB25440D6E2}"
EndProject
Project("{FAE04EC0-301F-11D3-BF4B-00C04F79EFBC}") = "DataToolkit.Provider.SqlServer", "Libs\DataToolkit\DataToolkit.Provider.SqlServer\DataToolkit.Provider.SqlServer.csproj", "{ECEA0855-0608-39FA-80BB-0E73E3E4C33C}"
EndProject
Project("{FAE04EC0-301F-11D3-BF4B-00C04F79EFBC}") = "DataToolkit.Provider.Sybase", "Libs\DataToolkit\DataToolkit.Provider.Sybase\DataToolkit.Provider.Sybase.csproj", "{D334F958-FE9B-F2B3-58A4-A754809FCA40}"
EndProject
Global
	GlobalSection(SolutionConfigurationPlatforms) = preSolution
		Debug|Any CPU = Debug|Any CPU
		Release|Any CPU = Release|Any CPU
	EndGlobalSection
	GlobalSection(ProjectConfigurationPlatforms) = postSolution
		{8B83B580-AF73-49C1-A7AC-1B418765629E}.Debug|Any CPU.ActiveCfg = Debug|Any CPU
		{8B83B580-AF73-49C1-A7AC-1B418765629E}.Debug|Any CPU.Build.0 = Debug|Any CPU
		{8B83B580-AF73-49C1-A7AC-1B418765629E}.Release|Any CPU.ActiveCfg = Release|Any CPU
		{8B83B580-AF73-49C1-A7AC-1B418765629E}.Release|Any CPU.Build.0 = Release|Any CPU
		{5091C2DE-CD5D-467F-B295-2C4468D5BB5F}.Debug|Any CPU.ActiveCfg = Debug|Any CPU
		{5091C2DE-CD5D-467F-B295-2C4468D5BB5F}.Debug|Any CPU.Build.0 = Debug|Any CPU
		{5091C2DE-CD5D-467F-B295-2C4468D5BB5F}.Release|Any CPU.ActiveCfg = Release|Any CPU
		{5091C2DE-CD5D-467F-B295-2C4468D5BB5F}.Release|Any CPU.Build.0 = Release|Any CPU
		{5CB9E47B-76D6-4426-AD72-152B8EA42A74}.Debug|Any CPU.ActiveCfg = Debug|Any CPU
		{5CB9E47B-76D6-4426-AD72-152B8EA42A74}.Debug|Any CPU.Build.0 = Debug|Any CPU
		{5CB9E47B-76D6-4426-AD72-152B8EA42A74}.Release|Any CPU.ActiveCfg = Release|Any CPU
		{5CB9E47B-76D6-4426-AD72-152B8EA42A74}.Release|Any CPU.Build.0 = Release|Any CPU
		{352EBA82-C39F-49CC-8F1C-B1AF5B1A6EB0}.Debug|Any CPU.ActiveCfg = Debug|Any CPU
		{352EBA82-C39F-49CC-8F1C-B1AF5B1A6EB0}.Debug|Any CPU.Build.0 = Debug|Any CPU
		{352EBA82-C39F-49CC-8F1C-B1AF5B1A6EB0}.Release|Any CPU.ActiveCfg = Release|Any CPU
		{352EBA82-C39F-49CC-8F1C-B1AF5B1A6EB0}.Release|Any CPU.Build.0 = Release|Any CPU
		{C2AE8FE2-77C7-43D8-B372-AEE469F1A9DB}.Debug|Any CPU.ActiveCfg = Debug|Any CPU
		{C2AE8FE2-77C7-43D8-B372-AEE469F1A9DB}.Debug|Any CPU.Build.0 = Debug|Any CPU
		{C2AE8FE2-77C7-43D8-B372-AEE469F1A9DB}.Release|Any CPU.ActiveCfg = Release|Any CPU
		{C2AE8FE2-77C7-43D8-B372-AEE469F1A9DB}.Release|Any CPU.Build.0 = Release|Any CPU
		{E6AD2264-37B0-4EA9-AF27-C0E331ACC6DF}.Debug|Any CPU.ActiveCfg = Debug|Any CPU
		{E6AD2264-37B0-4EA9-AF27-C0E331ACC6DF}.Debug|Any CPU.Build.0 = Debug|Any CPU
		{E6AD2264-37B0-4EA9-AF27-C0E331ACC6DF}.Release|Any CPU.ActiveCfg = Release|Any CPU
		{E6AD2264-37B0-4EA9-AF27-C0E331ACC6DF}.Release|Any CPU.Build.0 = Release|Any CPU
		{E6DFBF7D-3C89-4558-8BCC-0F4F82C615C3}.Debug|Any CPU.ActiveCfg = Debug|Any CPU
		{E6DFBF7D-3C89-4558-8BCC-0F4F82C615C3}.Debug|Any CPU.Build.0 = Debug|Any CPU
		{E6DFBF7D-3C89-4558-8BCC-0F4F82C615C3}.Release|Any CPU.ActiveCfg = Release|Any CPU
		{E6DFBF7D-3C89-4558-8BCC-0F4F82C615C3}.Release|Any CPU.Build.0 = Release|Any CPU
		{2368BCFC-184D-80B0-21EE-A32EB730C6EF}.Debug|Any CPU.ActiveCfg = Debug|Any CPU
		{2368BCFC-184D-80B0-21EE-A32EB730C6EF}.Debug|Any CPU.Build.0 = Debug|Any CPU
		{2368BCFC-184D-80B0-21EE-A32EB730C6EF}.Release|Any CPU.ActiveCfg = Release|Any CPU
		{2368BCFC-184D-80B0-21EE-A32EB730C6EF}.Release|Any CPU.Build.0 = Release|Any CPU
		{B6F6FDBC-4124-369A-D46C-0AD785831858}.Debug|Any CPU.ActiveCfg = Debug|Any CPU
		{B6F6FDBC-4124-369A-D46C-0AD785831858}.Debug|Any CPU.Build.0 = Debug|Any CPU
		{B6F6FDBC-4124-369A-D46C-0AD785831858}.Release|Any CPU.ActiveCfg = Release|Any CPU
		{B6F6FDBC-4124-369A-D46C-0AD785831858}.Release|Any CPU.Build.0 = Release|Any CPU
		{3051C92F-372B-482D-7E2A-2AB25440D6E2}.Debug|Any CPU.ActiveCfg = Debug|Any CPU
		{3051C92F-372B-482D-7E2A-2AB25440D6E2}.Debug|Any CPU.Build.0 = Debug|Any CPU
		{3051C92F-372B-482D-7E2A-2AB25440D6E2}.Release|Any CPU.ActiveCfg = Release|Any CPU
		{3051C92F-372B-482D-7E2A-2AB25440D6E2}.Release|Any CPU.Build.0 = Release|Any CPU
		{ECEA0855-0608-39FA-80BB-0E73E3E4C33C}.Debug|Any CPU.ActiveCfg = Debug|Any CPU
		{ECEA0855-0608-39FA-80BB-0E73E3E4C33C}.Debug|Any CPU.Build.0 = Debug|Any CPU
		{ECEA0855-0608-39FA-80BB-0E73E3E4C33C}.Release|Any CPU.ActiveCfg = Release|Any CPU
		{ECEA0855-0608-39FA-80BB-0E73E3E4C33C}.Release|Any CPU.Build.0 = Release|Any CPU
		{D334F958-FE9B-F2B3-58A4-A754809FCA40}.Debug|Any CPU.ActiveCfg = Debug|Any CPU
		{D334F958-FE9B-F2B3-58A4-A754809FCA40}.Debug|Any CPU.Build.0 = Debug|Any CPU
		{D334F958-FE9B-F2B3-58A4-A754809FCA40}.Release|Any CPU.ActiveCfg = Release|Any CPU
		{D334F958-FE9B-F2B3-58A4-A754809FCA40}.Release|Any CPU.Build.0 = Release|Any CPU
	EndGlobalSection
	GlobalSection(SolutionProperties) = preSolution
		HideSolutionNode = FALSE
	EndGlobalSection
	GlobalSection(NestedProjects) = preSolution
		{FBC12D7A-AA19-4B1B-A773-6209C3833416} = {02EA681E-C7D8-13C7-8484-4AC65E1B71E8}
		{B3D3546A-1410-449D-A369-BF7055AF214C} = {8FFF400E-3795-47A6-8364-C202BBE0EE53}
		{3041E8BD-D7F1-45A1-B96E-811BF13B543B} = {8FFF400E-3795-47A6-8364-C202BBE0EE53}
		{FD8BE9FB-6382-4415-AF8C-237ABD3C9BF6} = {8FFF400E-3795-47A6-8364-C202BBE0EE53}
		{8B83B580-AF73-49C1-A7AC-1B418765629E} = {3041E8BD-D7F1-45A1-B96E-811BF13B543B}
		{5091C2DE-CD5D-467F-B295-2C4468D5BB5F} = {3041E8BD-D7F1-45A1-B96E-811BF13B543B}
		{5CB9E47B-76D6-4426-AD72-152B8EA42A74} = {B3D3546A-1410-449D-A369-BF7055AF214C}
		{352EBA82-C39F-49CC-8F1C-B1AF5B1A6EB0} = {B3D3546A-1410-449D-A369-BF7055AF214C}
		{C2AE8FE2-77C7-43D8-B372-AEE469F1A9DB} = {B3D3546A-1410-449D-A369-BF7055AF214C}
		{90FBDA8A-8EA1-4CD2-B175-76099760B13B} = {FD8BE9FB-6382-4415-AF8C-237ABD3C9BF6}
		{E6AD2264-37B0-4EA9-AF27-C0E331ACC6DF} = {FD8BE9FB-6382-4415-AF8C-237ABD3C9BF6}
		{E6DFBF7D-3C89-4558-8BCC-0F4F82C615C3} = {FBC12D7A-AA19-4B1B-A773-6209C3833416}
		{2368BCFC-184D-80B0-21EE-A32EB730C6EF} = {FBC12D7A-AA19-4B1B-A773-6209C3833416}
		{B6F6FDBC-4124-369A-D46C-0AD785831858} = {FBC12D7A-AA19-4B1B-A773-6209C3833416}
		{3051C92F-372B-482D-7E2A-2AB25440D6E2} = {FBC12D7A-AA19-4B1B-A773-6209C3833416}
		{ECEA0855-0608-39FA-80BB-0E73E3E4C33C} = {FBC12D7A-AA19-4B1B-A773-6209C3833416}
		{D334F958-FE9B-F2B3-58A4-A754809FCA40} = {FBC12D7A-AA19-4B1B-A773-6209C3833416}
	EndGlobalSection
	GlobalSection(ExtensibilityGlobals) = postSolution
		SolutionGuid = {2EF6057B-555C-4238-BF33-999F6B0EA081}
	EndGlobalSection
EndGlobal
